// !$*UTF8*$!
{
	archiveVersion = 1;
	classes = {
	};
	objectVersion = 46;
	objects = {

/* Begin PBXBuildFile section */
		5E2833241D21B723000F70B1 /* AppDelegate.swift in Sources */ = {isa = PBXBuildFile; fileRef = 5E2833231D21B723000F70B1 /* AppDelegate.swift */; };
		5E2833291D21B723000F70B1 /* Main.storyboard in Resources */ = {isa = PBXBuildFile; fileRef = 5E2833271D21B723000F70B1 /* Main.storyboard */; };
		5E28332B1D21B723000F70B1 /* Assets.xcassets in Resources */ = {isa = PBXBuildFile; fileRef = 5E28332A1D21B723000F70B1 /* Assets.xcassets */; };
		5E28332E1D21B723000F70B1 /* LaunchScreen.storyboard in Resources */ = {isa = PBXBuildFile; fileRef = 5E28332C1D21B723000F70B1 /* LaunchScreen.storyboard */; };
		5E2833391D21B723000F70B1 /* OnTheMapTests.swift in Sources */ = {isa = PBXBuildFile; fileRef = 5E2833381D21B723000F70B1 /* OnTheMapTests.swift */; };
		5E2833441D21B723000F70B1 /* OnTheMapUITests.swift in Sources */ = {isa = PBXBuildFile; fileRef = 5E2833431D21B723000F70B1 /* OnTheMapUITests.swift */; };
		5E2833581D21BC4B000F70B1 /* ParseConstants.swift in Sources */ = {isa = PBXBuildFile; fileRef = 5E2833571D21BC4B000F70B1 /* ParseConstants.swift */; };
		5E28335C1D21BCA5000F70B1 /* ParseClient.swift in Sources */ = {isa = PBXBuildFile; fileRef = 5E28335B1D21BCA5000F70B1 /* ParseClient.swift */; };
		5E2833601D220172000F70B1 /* UdacityConstants.swift in Sources */ = {isa = PBXBuildFile; fileRef = 5E28335F1D220172000F70B1 /* UdacityConstants.swift */; };
		5E2833621D220191000F70B1 /* UdacityClient.swift in Sources */ = {isa = PBXBuildFile; fileRef = 5E2833611D220191000F70B1 /* UdacityClient.swift */; };
		5E2833641D22EC5D000F70B1 /* MapTableViewController.swift in Sources */ = {isa = PBXBuildFile; fileRef = 5E2833631D22EC5D000F70B1 /* MapTableViewController.swift */; };
		5E2833661D22EC66000F70B1 /* MapMapViewController.swift in Sources */ = {isa = PBXBuildFile; fileRef = 5E2833651D22EC66000F70B1 /* MapMapViewController.swift */; };
		5E2833681D22EC70000F70B1 /* MapLocationViewController.swift in Sources */ = {isa = PBXBuildFile; fileRef = 5E2833671D22EC70000F70B1 /* MapLocationViewController.swift */; };
		5E28336A1D22FAB9000F70B1 /* ParseData.swift in Sources */ = {isa = PBXBuildFile; fileRef = 5E2833691D22FAB9000F70B1 /* ParseData.swift */; };
		5E28336C1D22FAEB000F70B1 /* ParseConvenience.swift in Sources */ = {isa = PBXBuildFile; fileRef = 5E28336B1D22FAEB000F70B1 /* ParseConvenience.swift */; };
		5E28336E1D2312FA000F70B1 /* GCDBlackBox.swift in Sources */ = {isa = PBXBuildFile; fileRef = 5E28336D1D2312FA000F70B1 /* GCDBlackBox.swift */; };
		5E2833701D232365000F70B1 /* LoginViewController.swift in Sources */ = {isa = PBXBuildFile; fileRef = 5E28336F1D232365000F70B1 /* LoginViewController.swift */; };
		5E2833721D232732000F70B1 /* UdacityConvenience.swift in Sources */ = {isa = PBXBuildFile; fileRef = 5E2833711D232732000F70B1 /* UdacityConvenience.swift */; };
		5E2833761D232784000F70B1 /* UdacityData.swift in Sources */ = {isa = PBXBuildFile; fileRef = 5E2833751D232784000F70B1 /* UdacityData.swift */; };
		5EA3BD6A1D245D49009A778A /* MapTabBarController.swift in Sources */ = {isa = PBXBuildFile; fileRef = 5EA3BD691D245D49009A778A /* MapTabBarController.swift */; };
		5EA3BD6E1D246FE1009A778A /* Parse.swift in Sources */ = {isa = PBXBuildFile; fileRef = 5EA3BD6D1D246FE1009A778A /* Parse.swift */; };
		5EA3BD701D24793B009A778A /* MapMediaURLController.swift in Sources */ = {isa = PBXBuildFile; fileRef = 5EA3BD6F1D24793B009A778A /* MapMediaURLController.swift */; };
		5EA3BD831D24BA39009A778A /* Roboto-Regular.ttf in Resources */ = {isa = PBXBuildFile; fileRef = 5EA3BD821D24BA39009A778A /* Roboto-Regular.ttf */; };
		5EA3BD841D24BA39009A778A /* Roboto-Regular.ttf in Resources */ = {isa = PBXBuildFile; fileRef = 5EA3BD821D24BA39009A778A /* Roboto-Regular.ttf */; };
		5EA3BD851D24BA39009A778A /* Roboto-Regular.ttf in Resources */ = {isa = PBXBuildFile; fileRef = 5EA3BD821D24BA39009A778A /* Roboto-Regular.ttf */; };
		5EA3BD871D24BA40009A778A /* Roboto-Thin.ttf in Resources */ = {isa = PBXBuildFile; fileRef = 5EA3BD861D24BA40009A778A /* Roboto-Thin.ttf */; };
		5EA3BD881D24BA40009A778A /* Roboto-Thin.ttf in Resources */ = {isa = PBXBuildFile; fileRef = 5EA3BD861D24BA40009A778A /* Roboto-Thin.ttf */; };
		5EA3BD891D24BA40009A778A /* Roboto-Thin.ttf in Resources */ = {isa = PBXBuildFile; fileRef = 5EA3BD861D24BA40009A778A /* Roboto-Thin.ttf */; };
		5EA3BD8B1D24BA6F009A778A /* Roboto-Medium.ttf in Resources */ = {isa = PBXBuildFile; fileRef = 5EA3BD8A1D24BA6F009A778A /* Roboto-Medium.ttf */; };
		5EA3BD8C1D24BA6F009A778A /* Roboto-Medium.ttf in Resources */ = {isa = PBXBuildFile; fileRef = 5EA3BD8A1D24BA6F009A778A /* Roboto-Medium.ttf */; };
		5EA3BD8D1D24BA6F009A778A /* Roboto-Medium.ttf in Resources */ = {isa = PBXBuildFile; fileRef = 5EA3BD8A1D24BA6F009A778A /* Roboto-Medium.ttf */; };
		5EE124611D25F65500265103 /* ParseFetchedData.swift in Sources */ = {isa = PBXBuildFile; fileRef = 5EE124601D25F65500265103 /* ParseFetchedData.swift */; };
/* End PBXBuildFile section */

/* Begin PBXContainerItemProxy section */
		5E2833351D21B723000F70B1 /* PBXContainerItemProxy */ = {
			isa = PBXContainerItemProxy;
			containerPortal = 5E2833181D21B723000F70B1 /* Project object */;
			proxyType = 1;
			remoteGlobalIDString = 5E28331F1D21B723000F70B1;
			remoteInfo = OnTheMap;
		};
		5E2833401D21B723000F70B1 /* PBXContainerItemProxy */ = {
			isa = PBXContainerItemProxy;
			containerPortal = 5E2833181D21B723000F70B1 /* Project object */;
			proxyType = 1;
			remoteGlobalIDString = 5E28331F1D21B723000F70B1;
			remoteInfo = OnTheMap;
		};
/* End PBXContainerItemProxy section */

/* Begin PBXFileReference section */
		5E2833201D21B723000F70B1 /* OnTheMap.app */ = {isa = PBXFileReference; explicitFileType = wrapper.application; includeInIndex = 0; path = OnTheMap.app; sourceTree = BUILT_PRODUCTS_DIR; };
		5E2833231D21B723000F70B1 /* AppDelegate.swift */ = {isa = PBXFileReference; lastKnownFileType = sourcecode.swift; path = AppDelegate.swift; sourceTree = "<group>"; };
		5E2833281D21B723000F70B1 /* Base */ = {isa = PBXFileReference; lastKnownFileType = file.storyboard; name = Base; path = Base.lproj/Main.storyboard; sourceTree = "<group>"; };
		5E28332A1D21B723000F70B1 /* Assets.xcassets */ = {isa = PBXFileReference; lastKnownFileType = folder.assetcatalog; path = Assets.xcassets; sourceTree = "<group>"; };
		5E28332D1D21B723000F70B1 /* Base */ = {isa = PBXFileReference; lastKnownFileType = file.storyboard; name = Base; path = Base.lproj/LaunchScreen.storyboard; sourceTree = "<group>"; };
		5E28332F1D21B723000F70B1 /* Info.plist */ = {isa = PBXFileReference; lastKnownFileType = text.plist.xml; path = Info.plist; sourceTree = "<group>"; };
		5E2833341D21B723000F70B1 /* OnTheMapTests.xctest */ = {isa = PBXFileReference; explicitFileType = wrapper.cfbundle; includeInIndex = 0; path = OnTheMapTests.xctest; sourceTree = BUILT_PRODUCTS_DIR; };
		5E2833381D21B723000F70B1 /* OnTheMapTests.swift */ = {isa = PBXFileReference; lastKnownFileType = sourcecode.swift; path = OnTheMapTests.swift; sourceTree = "<group>"; };
		5E28333A1D21B723000F70B1 /* Info.plist */ = {isa = PBXFileReference; lastKnownFileType = text.plist.xml; path = Info.plist; sourceTree = "<group>"; };
		5E28333F1D21B723000F70B1 /* OnTheMapUITests.xctest */ = {isa = PBXFileReference; explicitFileType = wrapper.cfbundle; includeInIndex = 0; path = OnTheMapUITests.xctest; sourceTree = BUILT_PRODUCTS_DIR; };
		5E2833431D21B723000F70B1 /* OnTheMapUITests.swift */ = {isa = PBXFileReference; lastKnownFileType = sourcecode.swift; path = OnTheMapUITests.swift; sourceTree = "<group>"; };
		5E2833451D21B723000F70B1 /* Info.plist */ = {isa = PBXFileReference; lastKnownFileType = text.plist.xml; path = Info.plist; sourceTree = "<group>"; };
		5E2833571D21BC4B000F70B1 /* ParseConstants.swift */ = {isa = PBXFileReference; fileEncoding = 4; lastKnownFileType = sourcecode.swift; path = ParseConstants.swift; sourceTree = "<group>"; };
		5E28335B1D21BCA5000F70B1 /* ParseClient.swift */ = {isa = PBXFileReference; fileEncoding = 4; lastKnownFileType = sourcecode.swift; path = ParseClient.swift; sourceTree = "<group>"; };
		5E28335F1D220172000F70B1 /* UdacityConstants.swift */ = {isa = PBXFileReference; fileEncoding = 4; lastKnownFileType = sourcecode.swift; path = UdacityConstants.swift; sourceTree = "<group>"; };
		5E2833611D220191000F70B1 /* UdacityClient.swift */ = {isa = PBXFileReference; fileEncoding = 4; lastKnownFileType = sourcecode.swift; path = UdacityClient.swift; sourceTree = "<group>"; };
		5E2833631D22EC5D000F70B1 /* MapTableViewController.swift */ = {isa = PBXFileReference; fileEncoding = 4; lastKnownFileType = sourcecode.swift; path = MapTableViewController.swift; sourceTree = "<group>"; };
		5E2833651D22EC66000F70B1 /* MapMapViewController.swift */ = {isa = PBXFileReference; fileEncoding = 4; lastKnownFileType = sourcecode.swift; path = MapMapViewController.swift; sourceTree = "<group>"; };
		5E2833671D22EC70000F70B1 /* MapLocationViewController.swift */ = {isa = PBXFileReference; fileEncoding = 4; lastKnownFileType = sourcecode.swift; path = MapLocationViewController.swift; sourceTree = "<group>"; };
		5E2833691D22FAB9000F70B1 /* ParseData.swift */ = {isa = PBXFileReference; fileEncoding = 4; lastKnownFileType = sourcecode.swift; path = ParseData.swift; sourceTree = "<group>"; };
		5E28336B1D22FAEB000F70B1 /* ParseConvenience.swift */ = {isa = PBXFileReference; fileEncoding = 4; lastKnownFileType = sourcecode.swift; path = ParseConvenience.swift; sourceTree = "<group>"; };
		5E28336D1D2312FA000F70B1 /* GCDBlackBox.swift */ = {isa = PBXFileReference; fileEncoding = 4; lastKnownFileType = sourcecode.swift; path = GCDBlackBox.swift; sourceTree = "<group>"; };
		5E28336F1D232365000F70B1 /* LoginViewController.swift */ = {isa = PBXFileReference; fileEncoding = 4; lastKnownFileType = sourcecode.swift; path = LoginViewController.swift; sourceTree = "<group>"; };
		5E2833711D232732000F70B1 /* UdacityConvenience.swift */ = {isa = PBXFileReference; fileEncoding = 4; lastKnownFileType = sourcecode.swift; path = UdacityConvenience.swift; sourceTree = "<group>"; };
		5E2833751D232784000F70B1 /* UdacityData.swift */ = {isa = PBXFileReference; fileEncoding = 4; lastKnownFileType = sourcecode.swift; path = UdacityData.swift; sourceTree = "<group>"; };
		5EA3BD691D245D49009A778A /* MapTabBarController.swift */ = {isa = PBXFileReference; fileEncoding = 4; lastKnownFileType = sourcecode.swift; path = MapTabBarController.swift; sourceTree = "<group>"; };
		5EA3BD6D1D246FE1009A778A /* Parse.swift */ = {isa = PBXFileReference; fileEncoding = 4; lastKnownFileType = sourcecode.swift; path = Parse.swift; sourceTree = "<group>"; };
		5EA3BD6F1D24793B009A778A /* MapMediaURLController.swift */ = {isa = PBXFileReference; fileEncoding = 4; lastKnownFileType = sourcecode.swift; path = MapMediaURLController.swift; sourceTree = "<group>"; };
		5EA3BD821D24BA39009A778A /* Roboto-Regular.ttf */ = {isa = PBXFileReference; lastKnownFileType = file; path = "Roboto-Regular.ttf"; sourceTree = "<group>"; };
		5EA3BD861D24BA40009A778A /* Roboto-Thin.ttf */ = {isa = PBXFileReference; lastKnownFileType = file; path = "Roboto-Thin.ttf"; sourceTree = "<group>"; };
		5EA3BD8A1D24BA6F009A778A /* Roboto-Medium.ttf */ = {isa = PBXFileReference; lastKnownFileType = file; path = "Roboto-Medium.ttf"; sourceTree = "<group>"; };
		5EE124601D25F65500265103 /* ParseFetchedData.swift */ = {isa = PBXFileReference; fileEncoding = 4; lastKnownFileType = sourcecode.swift; path = ParseFetchedData.swift; sourceTree = "<group>"; };
/* End PBXFileReference section */

/* Begin PBXFrameworksBuildPhase section */
		5E28331D1D21B723000F70B1 /* Frameworks */ = {
			isa = PBXFrameworksBuildPhase;
			buildActionMask = 2147483647;
			files = (
			);
			runOnlyForDeploymentPostprocessing = 0;
		};
		5E2833311D21B723000F70B1 /* Frameworks */ = {
			isa = PBXFrameworksBuildPhase;
			buildActionMask = 2147483647;
			files = (
			);
			runOnlyForDeploymentPostprocessing = 0;
		};
		5E28333C1D21B723000F70B1 /* Frameworks */ = {
			isa = PBXFrameworksBuildPhase;
			buildActionMask = 2147483647;
			files = (
			);
			runOnlyForDeploymentPostprocessing = 0;
		};
/* End PBXFrameworksBuildPhase section */

/* Begin PBXGroup section */
		5E2833171D21B723000F70B1 = {
			isa = PBXGroup;
			children = (
				5E2833221D21B723000F70B1 /* OnTheMap */,
				5E2833371D21B723000F70B1 /* OnTheMapTests */,
				5E2833421D21B723000F70B1 /* OnTheMapUITests */,
				5E2833211D21B723000F70B1 /* Products */,
			);
			sourceTree = "<group>";
		};
		5E2833211D21B723000F70B1 /* Products */ = {
			isa = PBXGroup;
			children = (
				5E2833201D21B723000F70B1 /* OnTheMap.app */,
				5E2833341D21B723000F70B1 /* OnTheMapTests.xctest */,
				5E28333F1D21B723000F70B1 /* OnTheMapUITests.xctest */,
			);
			name = Products;
			sourceTree = "<group>";
		};
		5E2833221D21B723000F70B1 /* OnTheMap */ = {
			isa = PBXGroup;
			children = (
				5E2833231D21B723000F70B1 /* AppDelegate.swift */,
				5E2833511D21BBB0000F70B1 /* Model */,
				5E2833541D21BBF8000F70B1 /* Controller */,
				5E28332F1D21B723000F70B1 /* Info.plist */,
				5E2833551D21BC05000F70B1 /* Assets */,
				5E28336D1D2312FA000F70B1 /* GCDBlackBox.swift */,
			);
			path = OnTheMap;
			sourceTree = "<group>";
		};
		5E2833371D21B723000F70B1 /* OnTheMapTests */ = {
			isa = PBXGroup;
			children = (
				5E2833381D21B723000F70B1 /* OnTheMapTests.swift */,
				5E28333A1D21B723000F70B1 /* Info.plist */,
			);
			path = OnTheMapTests;
			sourceTree = "<group>";
		};
		5E2833421D21B723000F70B1 /* OnTheMapUITests */ = {
			isa = PBXGroup;
			children = (
				5E2833431D21B723000F70B1 /* OnTheMapUITests.swift */,
				5E2833451D21B723000F70B1 /* Info.plist */,
			);
			path = OnTheMapUITests;
			sourceTree = "<group>";
		};
		5E2833511D21BBB0000F70B1 /* Model */ = {
			isa = PBXGroup;
			children = (
				5E2833521D21BBBC000F70B1 /* Clients */,
			);
			name = Model;
			sourceTree = "<group>";
		};
		5E2833521D21BBBC000F70B1 /* Clients */ = {
			isa = PBXGroup;
			children = (
				5E28335E1D22015E000F70B1 /* Facebook API */,
				5E28335D1D220153000F70B1 /* Udacity API */,
				5E2833561D21BC26000F70B1 /* Parse API */,
			);
			name = Clients;
			sourceTree = "<group>";
		};
		5E2833541D21BBF8000F70B1 /* Controller */ = {
			isa = PBXGroup;
			children = (
				5E28336F1D232365000F70B1 /* LoginViewController.swift */,
				5EA3BD691D245D49009A778A /* MapTabBarController.swift */,
				5E2833631D22EC5D000F70B1 /* MapTableViewController.swift */,
				5E2833651D22EC66000F70B1 /* MapMapViewController.swift */,
				5E2833671D22EC70000F70B1 /* MapLocationViewController.swift */,
				5EA3BD6F1D24793B009A778A /* MapMediaURLController.swift */,
			);
			name = Controller;
			sourceTree = "<group>";
		};
		5E2833551D21BC05000F70B1 /* Assets */ = {
			isa = PBXGroup;
			children = (
				5EA3BD7D1D24BA15009A778A /* Font */,
				5E2833271D21B723000F70B1 /* Main.storyboard */,
				5E28332A1D21B723000F70B1 /* Assets.xcassets */,
				5E28332C1D21B723000F70B1 /* LaunchScreen.storyboard */,
			);
			name = Assets;
			sourceTree = "<group>";
		};
		5E2833561D21BC26000F70B1 /* Parse API */ = {
			isa = PBXGroup;
			children = (
				5E28336B1D22FAEB000F70B1 /* ParseConvenience.swift */,
				5E2833571D21BC4B000F70B1 /* ParseConstants.swift */,
				5E28335B1D21BCA5000F70B1 /* ParseClient.swift */,
				5E2833691D22FAB9000F70B1 /* ParseData.swift */,
				5EE124601D25F65500265103 /* ParseFetchedData.swift */,
				5EA3BD6D1D246FE1009A778A /* Parse.swift */,
			);
			name = "Parse API";
			sourceTree = "<group>";
		};
		5E28335D1D220153000F70B1 /* Udacity API */ = {
			isa = PBXGroup;
			children = (
				5E28335F1D220172000F70B1 /* UdacityConstants.swift */,
				5E2833611D220191000F70B1 /* UdacityClient.swift */,
				5E2833711D232732000F70B1 /* UdacityConvenience.swift */,
				5E2833751D232784000F70B1 /* UdacityData.swift */,
			);
			name = "Udacity API";
			sourceTree = "<group>";
		};
		5E28335E1D22015E000F70B1 /* Facebook API */ = {
			isa = PBXGroup;
			children = (
			);
			name = "Facebook API";
			sourceTree = "<group>";
		};
		5EA3BD7D1D24BA15009A778A /* Font */ = {
			isa = PBXGroup;
			children = (
				5EA3BD8A1D24BA6F009A778A /* Roboto-Medium.ttf */,
				5EA3BD821D24BA39009A778A /* Roboto-Regular.ttf */,
				5EA3BD861D24BA40009A778A /* Roboto-Thin.ttf */,
			);
			name = Font;
			sourceTree = "<group>";
		};
/* End PBXGroup section */

/* Begin PBXNativeTarget section */
		5E28331F1D21B723000F70B1 /* OnTheMap */ = {
			isa = PBXNativeTarget;
			buildConfigurationList = 5E2833481D21B723000F70B1 /* Build configuration list for PBXNativeTarget "OnTheMap" */;
			buildPhases = (
				5E28331C1D21B723000F70B1 /* Sources */,
				5E28331D1D21B723000F70B1 /* Frameworks */,
				5E28331E1D21B723000F70B1 /* Resources */,
			);
			buildRules = (
			);
			dependencies = (
			);
			name = OnTheMap;
			productName = OnTheMap;
			productReference = 5E2833201D21B723000F70B1 /* OnTheMap.app */;
			productType = "com.apple.product-type.application";
		};
		5E2833331D21B723000F70B1 /* OnTheMapTests */ = {
			isa = PBXNativeTarget;
			buildConfigurationList = 5E28334B1D21B723000F70B1 /* Build configuration list for PBXNativeTarget "OnTheMapTests" */;
			buildPhases = (
				5E2833301D21B723000F70B1 /* Sources */,
				5E2833311D21B723000F70B1 /* Frameworks */,
				5E2833321D21B723000F70B1 /* Resources */,
			);
			buildRules = (
			);
			dependencies = (
				5E2833361D21B723000F70B1 /* PBXTargetDependency */,
			);
			name = OnTheMapTests;
			productName = OnTheMapTests;
			productReference = 5E2833341D21B723000F70B1 /* OnTheMapTests.xctest */;
			productType = "com.apple.product-type.bundle.unit-test";
		};
		5E28333E1D21B723000F70B1 /* OnTheMapUITests */ = {
			isa = PBXNativeTarget;
			buildConfigurationList = 5E28334E1D21B723000F70B1 /* Build configuration list for PBXNativeTarget "OnTheMapUITests" */;
			buildPhases = (
				5E28333B1D21B723000F70B1 /* Sources */,
				5E28333C1D21B723000F70B1 /* Frameworks */,
				5E28333D1D21B723000F70B1 /* Resources */,
			);
			buildRules = (
			);
			dependencies = (
				5E2833411D21B723000F70B1 /* PBXTargetDependency */,
			);
			name = OnTheMapUITests;
			productName = OnTheMapUITests;
			productReference = 5E28333F1D21B723000F70B1 /* OnTheMapUITests.xctest */;
			productType = "com.apple.product-type.bundle.ui-testing";
		};
/* End PBXNativeTarget section */

/* Begin PBXProject section */
		5E2833181D21B723000F70B1 /* Project object */ = {
			isa = PBXProject;
			attributes = {
				LastSwiftUpdateCheck = 0730;
				LastUpgradeCheck = 0730;
				ORGANIZATIONNAME = akshaytiyer;
				TargetAttributes = {
					5E28331F1D21B723000F70B1 = {
						CreatedOnToolsVersion = 7.3.1;
						DevelopmentTeam = GNRCM5BXKW;
					};
					5E2833331D21B723000F70B1 = {
						CreatedOnToolsVersion = 7.3.1;
						DevelopmentTeam = GNRCM5BXKW;
						TestTargetID = 5E28331F1D21B723000F70B1;
					};
					5E28333E1D21B723000F70B1 = {
						CreatedOnToolsVersion = 7.3.1;
						DevelopmentTeam = GNRCM5BXKW;
						TestTargetID = 5E28331F1D21B723000F70B1;
					};
				};
			};
			buildConfigurationList = 5E28331B1D21B723000F70B1 /* Build configuration list for PBXProject "OnTheMap" */;
			compatibilityVersion = "Xcode 3.2";
			developmentRegion = English;
			hasScannedForEncodings = 0;
			knownRegions = (
				en,
				Base,
			);
			mainGroup = 5E2833171D21B723000F70B1;
			productRefGroup = 5E2833211D21B723000F70B1 /* Products */;
			projectDirPath = "";
			projectRoot = "";
			targets = (
				5E28331F1D21B723000F70B1 /* OnTheMap */,
				5E2833331D21B723000F70B1 /* OnTheMapTests */,
				5E28333E1D21B723000F70B1 /* OnTheMapUITests */,
			);
		};
/* End PBXProject section */

/* Begin PBXResourcesBuildPhase section */
		5E28331E1D21B723000F70B1 /* Resources */ = {
			isa = PBXResourcesBuildPhase;
			buildActionMask = 2147483647;
			files = (
				5E28332E1D21B723000F70B1 /* LaunchScreen.storyboard in Resources */,
				5EA3BD871D24BA40009A778A /* Roboto-Thin.ttf in Resources */,
				5EA3BD8B1D24BA6F009A778A /* Roboto-Medium.ttf in Resources */,
				5EA3BD831D24BA39009A778A /* Roboto-Regular.ttf in Resources */,
				5E28332B1D21B723000F70B1 /* Assets.xcassets in Resources */,
				5E2833291D21B723000F70B1 /* Main.storyboard in Resources */,
			);
			runOnlyForDeploymentPostprocessing = 0;
		};
		5E2833321D21B723000F70B1 /* Resources */ = {
			isa = PBXResourcesBuildPhase;
			buildActionMask = 2147483647;
			files = (
				5EA3BD841D24BA39009A778A /* Roboto-Regular.ttf in Resources */,
				5EA3BD881D24BA40009A778A /* Roboto-Thin.ttf in Resources */,
				5EA3BD8C1D24BA6F009A778A /* Roboto-Medium.ttf in Resources */,
			);
			runOnlyForDeploymentPostprocessing = 0;
		};
		5E28333D1D21B723000F70B1 /* Resources */ = {
			isa = PBXResourcesBuildPhase;
			buildActionMask = 2147483647;
			files = (
				5EA3BD851D24BA39009A778A /* Roboto-Regular.ttf in Resources */,
				5EA3BD891D24BA40009A778A /* Roboto-Thin.ttf in Resources */,
				5EA3BD8D1D24BA6F009A778A /* Roboto-Medium.ttf in Resources */,
			);
			runOnlyForDeploymentPostprocessing = 0;
		};
/* End PBXResourcesBuildPhase section */

/* Begin PBXSourcesBuildPhase section */
		5E28331C1D21B723000F70B1 /* Sources */ = {
			isa = PBXSourcesBuildPhase;
			buildActionMask = 2147483647;
			files = (
				5E28336C1D22FAEB000F70B1 /* ParseConvenience.swift in Sources */,
				5E2833661D22EC66000F70B1 /* MapMapViewController.swift in Sources */,
				5EA3BD6A1D245D49009A778A /* MapTabBarController.swift in Sources */,
				5E2833601D220172000F70B1 /* UdacityConstants.swift in Sources */,
				5EA3BD701D24793B009A778A /* MapMediaURLController.swift in Sources */,
				5EA3BD6E1D246FE1009A778A /* Parse.swift in Sources */,
				5E28336E1D2312FA000F70B1 /* GCDBlackBox.swift in Sources */,
				5E2833721D232732000F70B1 /* UdacityConvenience.swift in Sources */,
				5E28336A1D22FAB9000F70B1 /* ParseData.swift in Sources */,
				5E2833641D22EC5D000F70B1 /* MapTableViewController.swift in Sources */,
				5E2833621D220191000F70B1 /* UdacityClient.swift in Sources */,
				5E28335C1D21BCA5000F70B1 /* ParseClient.swift in Sources */,
				5E2833761D232784000F70B1 /* UdacityData.swift in Sources */,
				5E2833241D21B723000F70B1 /* AppDelegate.swift in Sources */,
				5E2833681D22EC70000F70B1 /* MapLocationViewController.swift in Sources */,
				5EE124611D25F65500265103 /* ParseFetchedData.swift in Sources */,
				5E2833701D232365000F70B1 /* LoginViewController.swift in Sources */,
				5E2833581D21BC4B000F70B1 /* ParseConstants.swift in Sources */,
			);
			runOnlyForDeploymentPostprocessing = 0;
		};
		5E2833301D21B723000F70B1 /* Sources */ = {
			isa = PBXSourcesBuildPhase;
			buildActionMask = 2147483647;
			files = (
				5E2833391D21B723000F70B1 /* OnTheMapTests.swift in Sources */,
			);
			runOnlyForDeploymentPostprocessing = 0;
		};
		5E28333B1D21B723000F70B1 /* Sources */ = {
			isa = PBXSourcesBuildPhase;
			buildActionMask = 2147483647;
			files = (
				5E2833441D21B723000F70B1 /* OnTheMapUITests.swift in Sources */,
			);
			runOnlyForDeploymentPostprocessing = 0;
		};
/* End PBXSourcesBuildPhase section */

/* Begin PBXTargetDependency section */
		5E2833361D21B723000F70B1 /* PBXTargetDependency */ = {
			isa = PBXTargetDependency;
			target = 5E28331F1D21B723000F70B1 /* OnTheMap */;
			targetProxy = 5E2833351D21B723000F70B1 /* PBXContainerItemProxy */;
		};
		5E2833411D21B723000F70B1 /* PBXTargetDependency */ = {
			isa = PBXTargetDependency;
			target = 5E28331F1D21B723000F70B1 /* OnTheMap */;
			targetProxy = 5E2833401D21B723000F70B1 /* PBXContainerItemProxy */;
		};
/* End PBXTargetDependency section */

/* Begin PBXVariantGroup section */
		5E2833271D21B723000F70B1 /* Main.storyboard */ = {
			isa = PBXVariantGroup;
			children = (
				5E2833281D21B723000F70B1 /* Base */,
			);
			name = Main.storyboard;
			sourceTree = "<group>";
		};
		5E28332C1D21B723000F70B1 /* LaunchScreen.storyboard */ = {
			isa = PBXVariantGroup;
			children = (
				5E28332D1D21B723000F70B1 /* Base */,
			);
			name = LaunchScreen.storyboard;
			sourceTree = "<group>";
		};
/* End PBXVariantGroup section */

/* Begin XCBuildConfiguration section */
		5E2833461D21B723000F70B1 /* Debug */ = {
			isa = XCBuildConfiguration;
			buildSettings = {
				ALWAYS_SEARCH_USER_PATHS = NO;
				CLANG_ANALYZER_NONNULL = YES;
				CLANG_CXX_LANGUAGE_STANDARD = "gnu++0x";
				CLANG_CXX_LIBRARY = "libc++";
				CLANG_ENABLE_MODULES = YES;
				CLANG_ENABLE_OBJC_ARC = YES;
				CLANG_WARN_BOOL_CONVERSION = YES;
				CLANG_WARN_CONSTANT_CONVERSION = YES;
				CLANG_WARN_DIRECT_OBJC_ISA_USAGE = YES_ERROR;
				CLANG_WARN_EMPTY_BODY = YES;
				CLANG_WARN_ENUM_CONVERSION = YES;
				CLANG_WARN_INT_CONVERSION = YES;
				CLANG_WARN_OBJC_ROOT_CLASS = YES_ERROR;
				CLANG_WARN_UNREACHABLE_CODE = YES;
				CLANG_WARN__DUPLICATE_METHOD_MATCH = YES;
				"CODE_SIGN_IDENTITY[sdk=iphoneos*]" = "iPhone Developer";
				COPY_PHASE_STRIP = NO;
				DEBUG_INFORMATION_FORMAT = dwarf;
				ENABLE_STRICT_OBJC_MSGSEND = YES;
				ENABLE_TESTABILITY = YES;
				GCC_C_LANGUAGE_STANDARD = gnu99;
				GCC_DYNAMIC_NO_PIC = NO;
				GCC_NO_COMMON_BLOCKS = YES;
				GCC_OPTIMIZATION_LEVEL = 0;
				GCC_PREPROCESSOR_DEFINITIONS = (
					"DEBUG=1",
					"$(inherited)",
				);
				GCC_WARN_64_TO_32_BIT_CONVERSION = YES;
				GCC_WARN_ABOUT_RETURN_TYPE = YES_ERROR;
				GCC_WARN_UNDECLARED_SELECTOR = YES;
				GCC_WARN_UNINITIALIZED_AUTOS = YES_AGGRESSIVE;
				GCC_WARN_UNUSED_FUNCTION = YES;
				GCC_WARN_UNUSED_VARIABLE = YES;
				IPHONEOS_DEPLOYMENT_TARGET = 9.3;
				MTL_ENABLE_DEBUG_INFO = YES;
				ONLY_ACTIVE_ARCH = YES;
				SDKROOT = iphoneos;
				SWIFT_OPTIMIZATION_LEVEL = "-Onone";
			};
			name = Debug;
		};
		5E2833471D21B723000F70B1 /* Release */ = {
			isa = XCBuildConfiguration;
			buildSettings = {
				ALWAYS_SEARCH_USER_PATHS = NO;
				CLANG_ANALYZER_NONNULL = YES;
				CLANG_CXX_LANGUAGE_STANDARD = "gnu++0x";
				CLANG_CXX_LIBRARY = "libc++";
				CLANG_ENABLE_MODULES = YES;
				CLANG_ENABLE_OBJC_ARC = YES;
				CLANG_WARN_BOOL_CONVERSION = YES;
				CLANG_WARN_CONSTANT_CONVERSION = YES;
				CLANG_WARN_DIRECT_OBJC_ISA_USAGE = YES_ERROR;
				CLANG_WARN_EMPTY_BODY = YES;
				CLANG_WARN_ENUM_CONVERSION = YES;
				CLANG_WARN_INT_CONVERSION = YES;
				CLANG_WARN_OBJC_ROOT_CLASS = YES_ERROR;
				CLANG_WARN_UNREACHABLE_CODE = YES;
				CLANG_WARN__DUPLICATE_METHOD_MATCH = YES;
				"CODE_SIGN_IDENTITY[sdk=iphoneos*]" = "iPhone Developer";
				COPY_PHASE_STRIP = NO;
				DEBUG_INFORMATION_FORMAT = "dwarf-with-dsym";
				ENABLE_NS_ASSERTIONS = NO;
				ENABLE_STRICT_OBJC_MSGSEND = YES;
				GCC_C_LANGUAGE_STANDARD = gnu99;
				GCC_NO_COMMON_BLOCKS = YES;
				GCC_WARN_64_TO_32_BIT_CONVERSION = YES;
				GCC_WARN_ABOUT_RETURN_TYPE = YES_ERROR;
				GCC_WARN_UNDECLARED_SELECTOR = YES;
				GCC_WARN_UNINITIALIZED_AUTOS = YES_AGGRESSIVE;
				GCC_WARN_UNUSED_FUNCTION = YES;
				GCC_WARN_UNUSED_VARIABLE = YES;
				IPHONEOS_DEPLOYMENT_TARGET = 9.3;
				MTL_ENABLE_DEBUG_INFO = NO;
				SDKROOT = iphoneos;
				VALIDATE_PRODUCT = YES;
			};
			name = Release;
		};
		5E2833491D21B723000F70B1 /* Debug */ = {
			isa = XCBuildConfiguration;
			buildSettings = {
				ASSETCATALOG_COMPILER_APPICON_NAME = AppIcon;
				CODE_SIGN_IDENTITY = "iPhone Developer";
				"CODE_SIGN_IDENTITY[sdk=iphoneos*]" = "iPhone Developer";
				INFOPLIST_FILE = OnTheMap/Info.plist;
				LD_RUNPATH_SEARCH_PATHS = "$(inherited) @executable_path/Frameworks";
				PRODUCT_BUNDLE_IDENTIFIER = com.akshaytiyer.OnTheMap;
				PRODUCT_NAME = "$(TARGET_NAME)";
				PROVISIONING_PROFILE = "";
			};
			name = Debug;
		};
		5E28334A1D21B723000F70B1 /* Release */ = {
			isa = XCBuildConfiguration;
			buildSettings = {
				ASSETCATALOG_COMPILER_APPICON_NAME = AppIcon;
				CODE_SIGN_IDENTITY = "iPhone Developer";
				"CODE_SIGN_IDENTITY[sdk=iphoneos*]" = "iPhone Developer";
				INFOPLIST_FILE = OnTheMap/Info.plist;
				LD_RUNPATH_SEARCH_PATHS = "$(inherited) @executable_path/Frameworks";
				PRODUCT_BUNDLE_IDENTIFIER = com.akshaytiyer.OnTheMap;
				PRODUCT_NAME = "$(TARGET_NAME)";
				PROVISIONING_PROFILE = "";
			};
			name = Release;
		};
		5E28334C1D21B723000F70B1 /* Debug */ = {
			isa = XCBuildConfiguration;
			buildSettings = {
				BUNDLE_LOADER = "$(TEST_HOST)";
				INFOPLIST_FILE = OnTheMapTests/Info.plist;
				LD_RUNPATH_SEARCH_PATHS = "$(inherited) @executable_path/Frameworks @loader_path/Frameworks";
				PRODUCT_BUNDLE_IDENTIFIER = com.akshaytiyer.OnTheMapTests;
				PRODUCT_NAME = "$(TARGET_NAME)";
				TEST_HOST = "$(BUILT_PRODUCTS_DIR)/OnTheMap.app/OnTheMap";
			};
			name = Debug;
		};
		5E28334D1D21B723000F70B1 /* Release */ = {
			isa = XCBuildConfiguration;
			buildSettings = {
				BUNDLE_LOADER = "$(TEST_HOST)";
				INFOPLIST_FILE = OnTheMapTests/Info.plist;
				LD_RUNPATH_SEARCH_PATHS = "$(inherited) @executable_path/Frameworks @loader_path/Frameworks";
				PRODUCT_BUNDLE_IDENTIFIER = com.akshaytiyer.OnTheMapTests;
				PRODUCT_NAME = "$(TARGET_NAME)";
				TEST_HOST = "$(BUILT_PRODUCTS_DIR)/OnTheMap.app/OnTheMap";
			};
			name = Release;
		};
		5E28334F1D21B723000F70B1 /* Debug */ = {
			isa = XCBuildConfiguration;
			buildSettings = {
				INFOPLIST_FILE = OnTheMapUITests/Info.plist;
				LD_RUNPATH_SEARCH_PATHS = "$(inherited) @executable_path/Frameworks @loader_path/Frameworks";
				PRODUCT_BUNDLE_IDENTIFIER = com.akshaytiyer.OnTheMapUITests;
				PRODUCT_NAME = "$(TARGET_NAME)";
				TEST_TARGET_NAME = OnTheMap;
			};
			name = Debug;
		};
		5E2833501D21B723000F70B1 /* Release */ = {
			isa = XCBuildConfiguration;
			buildSettings = {
				INFOPLIST_FILE = OnTheMapUITests/Info.plist;
				LD_RUNPATH_SEARCH_PATHS = "$(inherited) @executable_path/Frameworks @loader_path/Frameworks";
				PRODUCT_BUNDLE_IDENTIFIER = com.akshaytiyer.OnTheMapUITests;
				PRODUCT_NAME = "$(TARGET_NAME)";
				TEST_TARGET_NAME = OnTheMap;
			};
			name = Release;
		};
/* End XCBuildConfiguration section */

/* Begin XCConfigurationList section */
		5E28331B1D21B723000F70B1 /* Build configuration list for PBXProject "OnTheMap" */ = {
			isa = XCConfigurationList;
			buildConfigurations = (
				5E2833461D21B723000F70B1 /* Debug */,
				5E2833471D21B723000F70B1 /* Release */,
			);
			defaultConfigurationIsVisible = 0;
			defaultConfigurationName = Release;
		};
		5E2833481D21B723000F70B1 /* Build configuration list for PBXNativeTarget "OnTheMap" */ = {
			isa = XCConfigurationList;
			buildConfigurations = (
				5E2833491D21B723000F70B1 /* Debug */,
				5E28334A1D21B723000F70B1 /* Release */,
			);
			defaultConfigurationIsVisible = 0;
			defaultConfigurationName = Release;
		};
		5E28334B1D21B723000F70B1 /* Build configuration list for PBXNativeTarget "OnTheMapTests" */ = {
			isa = XCConfigurationList;
			buildConfigurations = (
				5E28334C1D21B723000F70B1 /* Debug */,
				5E28334D1D21B723000F70B1 /* Release */,
			);
			defaultConfigurationIsVisible = 0;
			defaultConfigurationName = Release;
		};
		5E28334E1D21B723000F70B1 /* Build configuration list for PBXNativeTarget "OnTheMapUITests" */ = {
			isa = XCConfigurationList;
			buildConfigurations = (
				5E28334F1D21B723000F70B1 /* Debug */,
				5E2833501D21B723000F70B1 /* Release */,
			);
			defaultConfigurationIsVisible = 0;
			defaultConfigurationName = Release;
		};
/* End XCConfigurationList section */
	};
	rootObject = 5E2833181D21B723000F70B1 /* Project object */;
}
